<?xml version="1.0" encoding="utf-8"?>
<Project ToolsVersion="4.0" xmlns="http://schemas.microsoft.com/developer/msbuild/2003">
  <ItemGroup>
    <Filter Include="Buffer">
      <UniqueIdentifier>{3F5F52AA-2B01-7D80-14BC-90D400FD03D1}</UniqueIdentifier>
    </Filter>
    <Filter Include="Protocols">
      <UniqueIdentifier>{CA377805-36A2-2C7C-7FE0-DD21EB890AD1}</UniqueIdentifier>
    </Filter>
  </ItemGroup>
  <ItemGroup>
    <ClInclude Include="include\TwoNet\Buffer\Buffer.h">
      <Filter>Buffer</Filter>
    </ClInclude>
    <ClInclude Include="include\TwoNet\Protocols\TwoProt.h">
      <Filter>Protocols</Filter>
    </ClInclude>
    <ClInclude Include="include\TwoNet\tpch.h" />
  </ItemGroup>
  <ItemGroup>
    <ClCompile Include="include\TwoNet\Buffer\Buffer.cpp">
      <Filter>Buffer</Filter>
    </ClCompile>
    <ClCompile Include="include\TwoNet\Main.cpp" />
    <ClCompile Include="include\TwoNet\Protocols\TwoProt.cpp">
      <Filter>Protocols</Filter>
    </ClCompile>
    <ClCompile Include="include\TwoNet\tpch.cpp" />
  </ItemGroup>
</Project>