<?xml version="1.0" encoding="utf-8"?>
<Project ToolsVersion="4.0" xmlns="http://schemas.microsoft.com/developer/msbuild/2003">
  <ItemGroup>
    <Filter Include="Debug">
      <UniqueIdentifier>{0C95060D-78A9-2EBE-412B-D21DADFE2AEF}</UniqueIdentifier>
    </Filter>
    <Filter Include="Server">
      <UniqueIdentifier>{7C62DFD0-6804-0AA7-51BF-1DFB3D0091F7}</UniqueIdentifier>
    </Filter>
    <Filter Include="Server\Commands">
      <UniqueIdentifier>{3D892DDB-A914-9B9F-B225-1E941E30F79F}</UniqueIdentifier>
    </Filter>
    <Filter Include="Server\Rooms">
      <UniqueIdentifier>{1B634344-07C6-D2E8-B04B-0B9F9C8D9E6B}</UniqueIdentifier>
    </Filter>
  </ItemGroup>
  <ItemGroup>
    <ClInclude Include="src\Debug\Assertion.h">
      <Filter>Debug</Filter>
    </ClInclude>
    <ClInclude Include="src\Debug\Log.h">
      <Filter>Debug</Filter>
    </ClInclude>
    <ClInclude Include="src\Server\Commands\Commands.h">
      <Filter>Server\Commands</Filter>
    </ClInclude>
    <ClInclude Include="src\Server\NetworkServer.h">
      <Filter>Server</Filter>
    </ClInclude>
    <ClInclude Include="src\Server\Rooms\Room.h">
      <Filter>Server\Rooms</Filter>
    </ClInclude>
    <ClInclude Include="src\Server\Rooms\RoomManager.h">
      <Filter>Server\Rooms</Filter>
    </ClInclude>
    <ClInclude Include="src\pch.h" />
  </ItemGroup>
  <ItemGroup>
    <ClCompile Include="src\Debug\Log.cpp">
      <Filter>Debug</Filter>
    </ClCompile>
    <ClCompile Include="src\Main.cpp" />
    <ClCompile Include="src\Server\Commands\Commands.cpp">
      <Filter>Server\Commands</Filter>
    </ClCompile>
    <ClCompile Include="src\Server\NetworkServer.cpp">
      <Filter>Server</Filter>
    </ClCompile>
    <ClCompile Include="src\Server\Rooms\Room.cpp">
      <Filter>Server\Rooms</Filter>
    </ClCompile>
    <ClCompile Include="src\Server\Rooms\RoomManager.cpp">
      <Filter>Server\Rooms</Filter>
    </ClCompile>
    <ClCompile Include="src\pch.cpp" />
  </ItemGroup>
</Project>